
Microsoft Visual Studio Solution File, Format Version 12.00
# Visual Studio 15
VisualStudioVersion = 15.0.27130.2027
MinimumVisualStudioVersion = 10.0.40219.1
Project("{FAE04EC0-301F-11D3-BF4B-00C04F79EFBC}") = "CSharpTut", "CSharpTut.csproj", "{52A61802-4404-431A-AD35-F869BAB5229F}"
EndProject
Global
	GlobalSection(SolutionConfigurationPlatforms) = preSolution
		Debug|Any CPU = Debug|Any CPU
		Release|Any CPU = Release|Any CPU
	EndGlobalSection
	GlobalSection(ProjectConfigurationPlatforms) = postSolution
		{52A61802-4404-431A-AD35-F869BAB5229F}.Debug|Any CPU.ActiveCfg = Debug|Any CPU
		{52A61802-4404-431A-AD35-F869BAB5229F}.Debug|Any CPU.Build.0 = Debug|Any CPU
		{52A61802-4404-431A-AD35-F869BAB5229F}.Release|Any CPU.ActiveCfg = Release|Any CPU
		{52A61802-4404-431A-AD35-F869BAB5229F}.Release|Any CPU.Build.0 = Release|Any CPU
	EndGlobalSection
	GlobalSection(SolutionProperties) = preSolution
		HideSolutionNode = FALSE
	EndGlobalSection
	GlobalSection(ExtensibilityGlobals) = postSolution
		SolutionGuid = {7A2DB22A-C0C3-4DFF-8CF8-5743680FB114}
	EndGlobalSection
EndGlobal
