
Microsoft Visual Studio Solution File, Format Version 12.00
# Visual Studio 15
VisualStudioVersion = 15.0.27130.2027
MinimumVisualStudioVersion = 10.0.40219.1
Project("{FAE04EC0-301F-11D3-BF4B-00C04F79EFBC}") = "WindowsFormsApp1", "WindowsFormsApp1\WindowsFormsApp1.csproj", "{AAA2925B-B944-43D3-8903-03B5FB8E2858}"
EndProject
Global
	GlobalSection(SolutionConfigurationPlatforms) = preSolution
		Debug|Any CPU = Debug|Any CPU
		Release|Any CPU = Release|Any CPU
	EndGlobalSection
	GlobalSection(ProjectConfigurationPlatforms) = postSolution
		{AAA2925B-B944-43D3-8903-03B5FB8E2858}.Debug|Any CPU.ActiveCfg = Debug|Any CPU
		{AAA2925B-B944-43D3-8903-03B5FB8E2858}.Debug|Any CPU.Build.0 = Debug|Any CPU
		{AAA2925B-B944-43D3-8903-03B5FB8E2858}.Release|Any CPU.ActiveCfg = Release|Any CPU
		{AAA2925B-B944-43D3-8903-03B5FB8E2858}.Release|Any CPU.Build.0 = Release|Any CPU
	EndGlobalSection
	GlobalSection(SolutionProperties) = preSolution
		HideSolutionNode = FALSE
	EndGlobalSection
	GlobalSection(ExtensibilityGlobals) = postSolution
		SolutionGuid = {8BBCB015-0757-4F32-98DA-12039750FB01}
	EndGlobalSection
EndGlobal
